
Microsoft Visual Studio Solution File, Format Version 12.00
# Visual Studio Version 17
VisualStudioVersion = 17.0.32002.185
MinimumVisualStudioVersion = 10.0.40219.1
Project("{FAE04EC0-301F-11D3-BF4B-00C04F79EFBC}") = "slap", "slap.csproj", "{E6EE3437-9160-4D57-BD63-D477F76780AA}"
EndProject
Global
	GlobalSection(SolutionConfigurationPlatforms) = preSolution
		Debug|Any CPU = Debug|Any CPU
		Release|Any CPU = Release|Any CPU
	EndGlobalSection
	GlobalSection(ProjectConfigurationPlatforms) = postSolution
		{E6EE3437-9160-4D57-BD63-D477F76780AA}.Debug|Any CPU.ActiveCfg = Debug|Any CPU
		{E6EE3437-9160-4D57-BD63-D477F76780AA}.Debug|Any CPU.Build.0 = Debug|Any CPU
		{E6EE3437-9160-4D57-BD63-D477F76780AA}.Release|Any CPU.ActiveCfg = Release|Any CPU
		{E6EE3437-9160-4D57-BD63-D477F76780AA}.Release|Any CPU.Build.0 = Release|Any CPU
	EndGlobalSection
	GlobalSection(SolutionProperties) = preSolution
		HideSolutionNode = FALSE
	EndGlobalSection
	GlobalSection(ExtensibilityGlobals) = postSolution
		SolutionGuid = {C53A48AD-3E4E-468B-8DF9-AF56DC38C2C4}
	EndGlobalSection
EndGlobal
